
Microsoft Visual Studio Solution File, Format Version 12.00
# Visual Studio Version 17
VisualStudioVersion = 17.1.32210.238
MinimumVisualStudioVersion = 10.0.40219.1
Project("{2150E333-8FDC-42A3-9474-1A3956D46DE8}") = "Domain", "Domain", "{BA912797-D578-434C-BD00-634412474C70}"
EndProject
Project("{2150E333-8FDC-42A3-9474-1A3956D46DE8}") = "Infra.Bus", "Infra.Bus", "{AF4EB2B4-F361-4721-9EFE-523DB7BBB04A}"
EndProject
Project("{2150E333-8FDC-42A3-9474-1A3956D46DE8}") = "Infra.Ioc", "Infra.Ioc", "{D67A327E-759B-4C6F-9C4F-E785A9BFE44D}"
EndProject
Project("{2150E333-8FDC-42A3-9474-1A3956D46DE8}") = "Services", "Services", "{F26615F0-ABE0-4444-876D-AA241215ED9E}"
EndProject
Project("{2150E333-8FDC-42A3-9474-1A3956D46DE8}") = "Presentation", "Presentation", "{5E2FE7B8-F89D-4A3A-A4E5-41E0070541B8}"
EndProject
Project("{FAE04EC0-301F-11D3-BF4B-00C04F79EFBC}") = "MicroRabbit.Domain.Core", "Domain\MicroRabbit.Domain.Core\MicroRabbit.Domain.Core.csproj", "{B2881186-A056-406D-A9F0-E95D6781E7B5}"
EndProject
Project("{FAE04EC0-301F-11D3-BF4B-00C04F79EFBC}") = "MicroRabbit.Infra.Bus", "Infra.Bus\MicroRabbit.Infra.Bus\MicroRabbit.Infra.Bus.csproj", "{A25648F3-6866-44EE-BF65-BC7436FE9E7E}"
EndProject
Project("{FAE04EC0-301F-11D3-BF4B-00C04F79EFBC}") = "DependencyContainer", "Infra.Ioc\DependencyContainer\DependencyContainer.csproj", "{5F56E3D4-F9E7-4CD0-8F42-AF3EB55E1346}"
EndProject
Global
	GlobalSection(SolutionConfigurationPlatforms) = preSolution
		Debug|Any CPU = Debug|Any CPU
		Release|Any CPU = Release|Any CPU
	EndGlobalSection
	GlobalSection(ProjectConfigurationPlatforms) = postSolution
		{B2881186-A056-406D-A9F0-E95D6781E7B5}.Debug|Any CPU.ActiveCfg = Debug|Any CPU
		{B2881186-A056-406D-A9F0-E95D6781E7B5}.Debug|Any CPU.Build.0 = Debug|Any CPU
		{B2881186-A056-406D-A9F0-E95D6781E7B5}.Release|Any CPU.ActiveCfg = Release|Any CPU
		{B2881186-A056-406D-A9F0-E95D6781E7B5}.Release|Any CPU.Build.0 = Release|Any CPU
		{A25648F3-6866-44EE-BF65-BC7436FE9E7E}.Debug|Any CPU.ActiveCfg = Debug|Any CPU
		{A25648F3-6866-44EE-BF65-BC7436FE9E7E}.Debug|Any CPU.Build.0 = Debug|Any CPU
		{A25648F3-6866-44EE-BF65-BC7436FE9E7E}.Release|Any CPU.ActiveCfg = Release|Any CPU
		{A25648F3-6866-44EE-BF65-BC7436FE9E7E}.Release|Any CPU.Build.0 = Release|Any CPU
		{5F56E3D4-F9E7-4CD0-8F42-AF3EB55E1346}.Debug|Any CPU.ActiveCfg = Debug|Any CPU
		{5F56E3D4-F9E7-4CD0-8F42-AF3EB55E1346}.Debug|Any CPU.Build.0 = Debug|Any CPU
		{5F56E3D4-F9E7-4CD0-8F42-AF3EB55E1346}.Release|Any CPU.ActiveCfg = Release|Any CPU
		{5F56E3D4-F9E7-4CD0-8F42-AF3EB55E1346}.Release|Any CPU.Build.0 = Release|Any CPU
	EndGlobalSection
	GlobalSection(SolutionProperties) = preSolution
		HideSolutionNode = FALSE
	EndGlobalSection
	GlobalSection(NestedProjects) = preSolution
		{B2881186-A056-406D-A9F0-E95D6781E7B5} = {BA912797-D578-434C-BD00-634412474C70}
		{A25648F3-6866-44EE-BF65-BC7436FE9E7E} = {AF4EB2B4-F361-4721-9EFE-523DB7BBB04A}
		{5F56E3D4-F9E7-4CD0-8F42-AF3EB55E1346} = {D67A327E-759B-4C6F-9C4F-E785A9BFE44D}
	EndGlobalSection
	GlobalSection(ExtensibilityGlobals) = postSolution
		SolutionGuid = {64B71229-28B5-4142-BBBE-35C9F06C739B}
	EndGlobalSection
EndGlobal
