
Microsoft Visual Studio Solution File, Format Version 12.00
# Visual Studio Version 17
VisualStudioVersion = 17.1.32210.238
MinimumVisualStudioVersion = 10.0.40219.1
Project("{2150E333-8FDC-42A3-9474-1A3956D46DE8}") = "Domain", "Domain", "{BA912797-D578-434C-BD00-634412474C70}"
EndProject
Project("{2150E333-8FDC-42A3-9474-1A3956D46DE8}") = "Infra.Bus", "Infra.Bus", "{AF4EB2B4-F361-4721-9EFE-523DB7BBB04A}"
EndProject
Project("{2150E333-8FDC-42A3-9474-1A3956D46DE8}") = "Infra.Ioc", "Infra.Ioc", "{D67A327E-759B-4C6F-9C4F-E785A9BFE44D}"
EndProject
Project("{2150E333-8FDC-42A3-9474-1A3956D46DE8}") = "Services", "Services", "{F26615F0-ABE0-4444-876D-AA241215ED9E}"
EndProject
Project("{2150E333-8FDC-42A3-9474-1A3956D46DE8}") = "Presentation", "Presentation", "{5E2FE7B8-F89D-4A3A-A4E5-41E0070541B8}"
EndProject
Project("{9A19103F-16F7-4668-BE54-9A1E7A4F7556}") = "MicroRabbit.Domain.Core", "Domain\MicroRabbit.Domain.Core\MicroRabbit.Domain.Core.csproj", "{B2881186-A056-406D-A9F0-E95D6781E7B5}"
EndProject
Project("{9A19103F-16F7-4668-BE54-9A1E7A4F7556}") = "MicroRabbit.Infra.Bus", "Infra.Bus\MicroRabbit.Infra.Bus\MicroRabbit.Infra.Bus.csproj", "{A25648F3-6866-44EE-BF65-BC7436FE9E7E}"
EndProject
Project("{9A19103F-16F7-4668-BE54-9A1E7A4F7556}") = "DependencyContainer", "Infra.Ioc\DependencyContainer\DependencyContainer.csproj", "{5F56E3D4-F9E7-4CD0-8F42-AF3EB55E1346}"
EndProject
Project("{2150E333-8FDC-42A3-9474-1A3956D46DE8}") = "Banking", "Banking", "{E329E865-124F-4383-B8A3-3E40331EAF42}"
EndProject
Project("{2150E333-8FDC-42A3-9474-1A3956D46DE8}") = "Api", "Api", "{607A4198-B491-486E-BCBC-082ADDCB9057}"
EndProject
Project("{2150E333-8FDC-42A3-9474-1A3956D46DE8}") = "Application", "Application", "{37CF621D-1F1B-4DF6-94E3-21E44C8FE547}"
EndProject
Project("{2150E333-8FDC-42A3-9474-1A3956D46DE8}") = "Data", "Data", "{1CE899BD-57FD-4751-A106-B1886BA9098C}"
EndProject
Project("{2150E333-8FDC-42A3-9474-1A3956D46DE8}") = "Domain", "Domain", "{E6AFCDBC-BE38-40FF-846F-7F5D81A70162}"
EndProject
Project("{9A19103F-16F7-4668-BE54-9A1E7A4F7556}") = "MicroRabbit.Banking.Api", "Services\Banking\Api\MicroRabbit.Banking.Api\MicroRabbit.Banking.Api.csproj", "{F7FE1422-94EC-4605-AC37-4692BF56C75B}"
EndProject
Project("{9A19103F-16F7-4668-BE54-9A1E7A4F7556}") = "MicroRabbit.Banking.Data", "Services\Banking\Data\MicroRabbit.Banking.Data\MicroRabbit.Banking.Data.csproj", "{FDCCE48E-4DB0-477C-9885-FCA27F823EAA}"
EndProject
Project("{9A19103F-16F7-4668-BE54-9A1E7A4F7556}") = "MicroRabbit.Banking.Domain", "Services\Banking\Domain\MicroRabbit.Banking.Domain\MicroRabbit.Banking.Domain.csproj", "{83BC41EC-A519-4341-8709-6479CC8E40F2}"
EndProject
Project("{FAE04EC0-301F-11D3-BF4B-00C04F79EFBC}") = "MicroRabbit.Banking.Application", "Services\Banking\Application\MicroRabbit.Banking.Application\MicroRabbit.Banking.Application.csproj", "{9EDFF9C8-5EDA-4577-AE8B-99A76EA7EF1E}"
EndProject
Global
	GlobalSection(SolutionConfigurationPlatforms) = preSolution
		Debug|Any CPU = Debug|Any CPU
		Release|Any CPU = Release|Any CPU
	EndGlobalSection
	GlobalSection(ProjectConfigurationPlatforms) = postSolution
		{B2881186-A056-406D-A9F0-E95D6781E7B5}.Debug|Any CPU.ActiveCfg = Debug|Any CPU
		{B2881186-A056-406D-A9F0-E95D6781E7B5}.Debug|Any CPU.Build.0 = Debug|Any CPU
		{B2881186-A056-406D-A9F0-E95D6781E7B5}.Release|Any CPU.ActiveCfg = Release|Any CPU
		{B2881186-A056-406D-A9F0-E95D6781E7B5}.Release|Any CPU.Build.0 = Release|Any CPU
		{A25648F3-6866-44EE-BF65-BC7436FE9E7E}.Debug|Any CPU.ActiveCfg = Debug|Any CPU
		{A25648F3-6866-44EE-BF65-BC7436FE9E7E}.Debug|Any CPU.Build.0 = Debug|Any CPU
		{A25648F3-6866-44EE-BF65-BC7436FE9E7E}.Release|Any CPU.ActiveCfg = Release|Any CPU
		{A25648F3-6866-44EE-BF65-BC7436FE9E7E}.Release|Any CPU.Build.0 = Release|Any CPU
		{5F56E3D4-F9E7-4CD0-8F42-AF3EB55E1346}.Debug|Any CPU.ActiveCfg = Debug|Any CPU
		{5F56E3D4-F9E7-4CD0-8F42-AF3EB55E1346}.Debug|Any CPU.Build.0 = Debug|Any CPU
		{5F56E3D4-F9E7-4CD0-8F42-AF3EB55E1346}.Release|Any CPU.ActiveCfg = Release|Any CPU
		{5F56E3D4-F9E7-4CD0-8F42-AF3EB55E1346}.Release|Any CPU.Build.0 = Release|Any CPU
		{F7FE1422-94EC-4605-AC37-4692BF56C75B}.Debug|Any CPU.ActiveCfg = Debug|Any CPU
		{F7FE1422-94EC-4605-AC37-4692BF56C75B}.Debug|Any CPU.Build.0 = Debug|Any CPU
		{F7FE1422-94EC-4605-AC37-4692BF56C75B}.Release|Any CPU.ActiveCfg = Release|Any CPU
		{F7FE1422-94EC-4605-AC37-4692BF56C75B}.Release|Any CPU.Build.0 = Release|Any CPU
		{FDCCE48E-4DB0-477C-9885-FCA27F823EAA}.Debug|Any CPU.ActiveCfg = Debug|Any CPU
		{FDCCE48E-4DB0-477C-9885-FCA27F823EAA}.Debug|Any CPU.Build.0 = Debug|Any CPU
		{FDCCE48E-4DB0-477C-9885-FCA27F823EAA}.Release|Any CPU.ActiveCfg = Release|Any CPU
		{FDCCE48E-4DB0-477C-9885-FCA27F823EAA}.Release|Any CPU.Build.0 = Release|Any CPU
		{83BC41EC-A519-4341-8709-6479CC8E40F2}.Debug|Any CPU.ActiveCfg = Debug|Any CPU
		{83BC41EC-A519-4341-8709-6479CC8E40F2}.Debug|Any CPU.Build.0 = Debug|Any CPU
		{83BC41EC-A519-4341-8709-6479CC8E40F2}.Release|Any CPU.ActiveCfg = Release|Any CPU
		{83BC41EC-A519-4341-8709-6479CC8E40F2}.Release|Any CPU.Build.0 = Release|Any CPU
		{9EDFF9C8-5EDA-4577-AE8B-99A76EA7EF1E}.Debug|Any CPU.ActiveCfg = Debug|Any CPU
		{9EDFF9C8-5EDA-4577-AE8B-99A76EA7EF1E}.Debug|Any CPU.Build.0 = Debug|Any CPU
		{9EDFF9C8-5EDA-4577-AE8B-99A76EA7EF1E}.Release|Any CPU.ActiveCfg = Release|Any CPU
		{9EDFF9C8-5EDA-4577-AE8B-99A76EA7EF1E}.Release|Any CPU.Build.0 = Release|Any CPU
	EndGlobalSection
	GlobalSection(SolutionProperties) = preSolution
		HideSolutionNode = FALSE
	EndGlobalSection
	GlobalSection(NestedProjects) = preSolution
		{B2881186-A056-406D-A9F0-E95D6781E7B5} = {BA912797-D578-434C-BD00-634412474C70}
		{A25648F3-6866-44EE-BF65-BC7436FE9E7E} = {AF4EB2B4-F361-4721-9EFE-523DB7BBB04A}
		{5F56E3D4-F9E7-4CD0-8F42-AF3EB55E1346} = {D67A327E-759B-4C6F-9C4F-E785A9BFE44D}
		{E329E865-124F-4383-B8A3-3E40331EAF42} = {F26615F0-ABE0-4444-876D-AA241215ED9E}
		{607A4198-B491-486E-BCBC-082ADDCB9057} = {E329E865-124F-4383-B8A3-3E40331EAF42}
		{37CF621D-1F1B-4DF6-94E3-21E44C8FE547} = {E329E865-124F-4383-B8A3-3E40331EAF42}
		{1CE899BD-57FD-4751-A106-B1886BA9098C} = {E329E865-124F-4383-B8A3-3E40331EAF42}
		{E6AFCDBC-BE38-40FF-846F-7F5D81A70162} = {E329E865-124F-4383-B8A3-3E40331EAF42}
		{F7FE1422-94EC-4605-AC37-4692BF56C75B} = {607A4198-B491-486E-BCBC-082ADDCB9057}
		{FDCCE48E-4DB0-477C-9885-FCA27F823EAA} = {1CE899BD-57FD-4751-A106-B1886BA9098C}
		{83BC41EC-A519-4341-8709-6479CC8E40F2} = {E6AFCDBC-BE38-40FF-846F-7F5D81A70162}
		{9EDFF9C8-5EDA-4577-AE8B-99A76EA7EF1E} = {37CF621D-1F1B-4DF6-94E3-21E44C8FE547}
	EndGlobalSection
	GlobalSection(ExtensibilityGlobals) = postSolution
		SolutionGuid = {64B71229-28B5-4142-BBBE-35C9F06C739B}
	EndGlobalSection
EndGlobal
